
Microsoft Visual Studio Solution File, Format Version 12.00
Project("{FAE04EC0-301F-11D3-BF4B-00C04F79EFBC}") = "DSED.REC.Entity", "DSED.REC.Entity\DSED.REC.Entity.csproj", "{509244C0-1495-4612-9C88-C3B8589346DC}"
EndProject
Project("{FAE04EC0-301F-11D3-BF4B-00C04F79EFBC}") = "DSED.REC.DataAccesLayer", "DSED.REC.DataAccesLayer\DSED.REC.DataAccesLayer.csproj", "{389B8BF7-D268-4831-831F-A64023CF06C0}"
EndProject
Project("{FAE04EC0-301F-11D3-BF4B-00C04F79EFBC}") = "DSED.REC.WebApp", "DSED.REC.WebApp\DSED.REC.WebApp.csproj", "{E8BB732B-E639-48F5-88CD-C9141344802B}"
EndProject
Project("{FAE04EC0-301F-11D3-BF4B-00C04F79EFBC}") = "DSED.REC.Application", "DSED.REC.Application\DSED.REC.Application.csproj", "{E5CCEB0E-C148-4A6A-8834-8F33243E8EEA}"
EndProject
Project("{FAE04EC0-301F-11D3-BF4B-00C04F79EFBC}") = "DSED.REC.ConsoleApp", "DSED.REC.ConsoleApp\DSED.REC.ConsoleApp.csproj", "{CA070892-70AC-4DA3-9B2F-6754C301E4F8}"
EndProject
Project("{FAE04EC0-301F-11D3-BF4B-00C04F79EFBC}") = "DSED.REC.Consumer-FileWriter", "DSED.REC.Consumer-FileWriter\DSED.REC.Consumer-FileWriter.csproj", "{83CAE802-24DD-4796-A48E-4723E38ADDC2}"
EndProject
Project("{FAE04EC0-301F-11D3-BF4B-00C04F79EFBC}") = "DSED.REC.Consumer-Db", "DSED.REC.Consumer-Db\DSED.REC.Consumer-Db.csproj", "{A7650E35-6880-44B6-BAF0-D09A9DD91A73}"
EndProject
Global
	GlobalSection(SolutionConfigurationPlatforms) = preSolution
		Debug|Any CPU = Debug|Any CPU
		Release|Any CPU = Release|Any CPU
	EndGlobalSection
	GlobalSection(ProjectConfigurationPlatforms) = postSolution
		{509244C0-1495-4612-9C88-C3B8589346DC}.Debug|Any CPU.ActiveCfg = Debug|Any CPU
		{509244C0-1495-4612-9C88-C3B8589346DC}.Debug|Any CPU.Build.0 = Debug|Any CPU
		{509244C0-1495-4612-9C88-C3B8589346DC}.Release|Any CPU.ActiveCfg = Release|Any CPU
		{509244C0-1495-4612-9C88-C3B8589346DC}.Release|Any CPU.Build.0 = Release|Any CPU
		{389B8BF7-D268-4831-831F-A64023CF06C0}.Debug|Any CPU.ActiveCfg = Debug|Any CPU
		{389B8BF7-D268-4831-831F-A64023CF06C0}.Debug|Any CPU.Build.0 = Debug|Any CPU
		{389B8BF7-D268-4831-831F-A64023CF06C0}.Release|Any CPU.ActiveCfg = Release|Any CPU
		{389B8BF7-D268-4831-831F-A64023CF06C0}.Release|Any CPU.Build.0 = Release|Any CPU
		{E8BB732B-E639-48F5-88CD-C9141344802B}.Debug|Any CPU.ActiveCfg = Debug|Any CPU
		{E8BB732B-E639-48F5-88CD-C9141344802B}.Debug|Any CPU.Build.0 = Debug|Any CPU
		{E8BB732B-E639-48F5-88CD-C9141344802B}.Release|Any CPU.ActiveCfg = Release|Any CPU
		{E8BB732B-E639-48F5-88CD-C9141344802B}.Release|Any CPU.Build.0 = Release|Any CPU
		{E5CCEB0E-C148-4A6A-8834-8F33243E8EEA}.Debug|Any CPU.ActiveCfg = Debug|Any CPU
		{E5CCEB0E-C148-4A6A-8834-8F33243E8EEA}.Debug|Any CPU.Build.0 = Debug|Any CPU
		{E5CCEB0E-C148-4A6A-8834-8F33243E8EEA}.Release|Any CPU.ActiveCfg = Release|Any CPU
		{E5CCEB0E-C148-4A6A-8834-8F33243E8EEA}.Release|Any CPU.Build.0 = Release|Any CPU
		{CA070892-70AC-4DA3-9B2F-6754C301E4F8}.Debug|Any CPU.ActiveCfg = Debug|Any CPU
		{CA070892-70AC-4DA3-9B2F-6754C301E4F8}.Debug|Any CPU.Build.0 = Debug|Any CPU
		{CA070892-70AC-4DA3-9B2F-6754C301E4F8}.Release|Any CPU.ActiveCfg = Release|Any CPU
		{CA070892-70AC-4DA3-9B2F-6754C301E4F8}.Release|Any CPU.Build.0 = Release|Any CPU
		{83CAE802-24DD-4796-A48E-4723E38ADDC2}.Debug|Any CPU.ActiveCfg = Debug|Any CPU
		{83CAE802-24DD-4796-A48E-4723E38ADDC2}.Debug|Any CPU.Build.0 = Debug|Any CPU
		{83CAE802-24DD-4796-A48E-4723E38ADDC2}.Release|Any CPU.ActiveCfg = Release|Any CPU
		{83CAE802-24DD-4796-A48E-4723E38ADDC2}.Release|Any CPU.Build.0 = Release|Any CPU
		{A7650E35-6880-44B6-BAF0-D09A9DD91A73}.Debug|Any CPU.ActiveCfg = Debug|Any CPU
		{A7650E35-6880-44B6-BAF0-D09A9DD91A73}.Debug|Any CPU.Build.0 = Debug|Any CPU
		{A7650E35-6880-44B6-BAF0-D09A9DD91A73}.Release|Any CPU.ActiveCfg = Release|Any CPU
		{A7650E35-6880-44B6-BAF0-D09A9DD91A73}.Release|Any CPU.Build.0 = Release|Any CPU
	EndGlobalSection
EndGlobal
